{
  "name": "@soulid/cli",
  "version": "0.2.1",
  "lockfileVersion": 3,
  "requires": true,
  "packages": {
    "": {
      "name": "@soulid/cli",
      "version": "0.2.1",
      "license": "MIT",
      "dependencies": {
        "@soulid/core": "^0.1.1"
      },
      "bin": {
        "soulid": "bin/soulid.js"
      }
    },
    "node_modules/@soulid/core": {
      "version": "0.1.1",
      "resolved": "https://registry.npmjs.org/@soulid/core/-/core-0.1.1.tgz",
      "integrity": "sha512-A+6EW0mXV1oredH+vqrq1rrc11grTy721JgHHS4m2MHbEaWtADyxxBK4t1UgJe5aGTVbrjr86Bvk+pM9Tdf2hg==",
      "license": "MIT"
    }
  }
}
